
Microsoft Visual Studio Solution File, Format Version 12.00
# Visual Studio Version 17
VisualStudioVersion = 17.12.35707.178
MinimumVisualStudioVersion = 10.0.40219.1
Project("{2150E333-8FDC-42A3-9474-1A3956D46DE8}") = "src", "src", "{A6E11FEE-EB1A-4A1A-8052-EF134F9CEC5B}"
EndProject
Project("{2150E333-8FDC-42A3-9474-1A3956D46DE8}") = "Core", "Core", "{34153D03-9150-4452-8D69-4F1C029B0913}"
EndProject
Project("{2150E333-8FDC-42A3-9474-1A3956D46DE8}") = "Infrastructure", "Infrastructure", "{9FC93F0F-2F40-49A4-A7EA-234FF9C18600}"
EndProject
Project("{2150E333-8FDC-42A3-9474-1A3956D46DE8}") = "Presentation", "Presentation", "{EA6AAFE9-AC3C-4F1A-B220-C3C1A32D0711}"
EndProject
Project("{2150E333-8FDC-42A3-9474-1A3956D46DE8}") = "Tests", "Tests", "{C7DE5365-9428-475A-AE48-89EEB3A9414B}"
EndProject
Project("{FAE04EC0-301F-11D3-BF4B-00C04F79EFBC}") = "offers.API", "offers.API\offers.API.csproj", "{4E06B09B-5108-4594-9FE7-6FD7EB9F193F}"
EndProject
Project("{FAE04EC0-301F-11D3-BF4B-00C04F79EFBC}") = "offers.Application", "offers.Application\offers.Application.csproj", "{26827981-E9BC-4058-9C96-DB1F884A23B8}"
EndProject
Project("{FAE04EC0-301F-11D3-BF4B-00C04F79EFBC}") = "offers.Domain", "offers.Domain\offers.Domain.csproj", "{C07E49BC-2ED8-450E-8713-122C8B5D4EF6}"
EndProject
Project("{FAE04EC0-301F-11D3-BF4B-00C04F79EFBC}") = "offers.Persistance", "offers.Persistance\offers.Persistance.csproj", "{C4083BFF-49BC-4CBE-902E-90741C2D8097}"
EndProject
Project("{FAE04EC0-301F-11D3-BF4B-00C04F79EFBC}") = "offers.Infrastructure", "offers.Infrastructure\offers.Infrastructure.csproj", "{07F90282-1E54-4455-AD8A-40403C527642}"
EndProject
Project("{FAE04EC0-301F-11D3-BF4B-00C04F79EFBC}") = "offers.Application.Tests", "offers.Application.Tests\offers.Application.Tests.csproj", "{DE2A9098-E91A-4E44-BA6A-D8A789B69065}"
EndProject
Project("{FAE04EC0-301F-11D3-BF4B-00C04F79EFBC}") = "offers.Web", "offers.Web\offers.Web.csproj", "{A1B285BC-0B3B-4885-8B79-99401EDD1207}"
EndProject
Global
	GlobalSection(SolutionConfigurationPlatforms) = preSolution
		Debug|Any CPU = Debug|Any CPU
		Release|Any CPU = Release|Any CPU
	EndGlobalSection
	GlobalSection(ProjectConfigurationPlatforms) = postSolution
		{4E06B09B-5108-4594-9FE7-6FD7EB9F193F}.Debug|Any CPU.ActiveCfg = Debug|Any CPU
		{4E06B09B-5108-4594-9FE7-6FD7EB9F193F}.Debug|Any CPU.Build.0 = Debug|Any CPU
		{4E06B09B-5108-4594-9FE7-6FD7EB9F193F}.Release|Any CPU.ActiveCfg = Release|Any CPU
		{4E06B09B-5108-4594-9FE7-6FD7EB9F193F}.Release|Any CPU.Build.0 = Release|Any CPU
		{26827981-E9BC-4058-9C96-DB1F884A23B8}.Debug|Any CPU.ActiveCfg = Debug|Any CPU
		{26827981-E9BC-4058-9C96-DB1F884A23B8}.Debug|Any CPU.Build.0 = Debug|Any CPU
		{26827981-E9BC-4058-9C96-DB1F884A23B8}.Release|Any CPU.ActiveCfg = Release|Any CPU
		{26827981-E9BC-4058-9C96-DB1F884A23B8}.Release|Any CPU.Build.0 = Release|Any CPU
		{C07E49BC-2ED8-450E-8713-122C8B5D4EF6}.Debug|Any CPU.ActiveCfg = Debug|Any CPU
		{C07E49BC-2ED8-450E-8713-122C8B5D4EF6}.Debug|Any CPU.Build.0 = Debug|Any CPU
		{C07E49BC-2ED8-450E-8713-122C8B5D4EF6}.Release|Any CPU.ActiveCfg = Release|Any CPU
		{C07E49BC-2ED8-450E-8713-122C8B5D4EF6}.Release|Any CPU.Build.0 = Release|Any CPU
		{C4083BFF-49BC-4CBE-902E-90741C2D8097}.Debug|Any CPU.ActiveCfg = Debug|Any CPU
		{C4083BFF-49BC-4CBE-902E-90741C2D8097}.Debug|Any CPU.Build.0 = Debug|Any CPU
		{C4083BFF-49BC-4CBE-902E-90741C2D8097}.Release|Any CPU.ActiveCfg = Release|Any CPU
		{C4083BFF-49BC-4CBE-902E-90741C2D8097}.Release|Any CPU.Build.0 = Release|Any CPU
		{07F90282-1E54-4455-AD8A-40403C527642}.Debug|Any CPU.ActiveCfg = Debug|Any CPU
		{07F90282-1E54-4455-AD8A-40403C527642}.Debug|Any CPU.Build.0 = Debug|Any CPU
		{07F90282-1E54-4455-AD8A-40403C527642}.Release|Any CPU.ActiveCfg = Release|Any CPU
		{07F90282-1E54-4455-AD8A-40403C527642}.Release|Any CPU.Build.0 = Release|Any CPU
		{DE2A9098-E91A-4E44-BA6A-D8A789B69065}.Debug|Any CPU.ActiveCfg = Debug|Any CPU
		{DE2A9098-E91A-4E44-BA6A-D8A789B69065}.Debug|Any CPU.Build.0 = Debug|Any CPU
		{DE2A9098-E91A-4E44-BA6A-D8A789B69065}.Release|Any CPU.ActiveCfg = Release|Any CPU
		{DE2A9098-E91A-4E44-BA6A-D8A789B69065}.Release|Any CPU.Build.0 = Release|Any CPU
		{A1B285BC-0B3B-4885-8B79-99401EDD1207}.Debug|Any CPU.ActiveCfg = Debug|Any CPU
		{A1B285BC-0B3B-4885-8B79-99401EDD1207}.Debug|Any CPU.Build.0 = Debug|Any CPU
		{A1B285BC-0B3B-4885-8B79-99401EDD1207}.Release|Any CPU.ActiveCfg = Release|Any CPU
		{A1B285BC-0B3B-4885-8B79-99401EDD1207}.Release|Any CPU.Build.0 = Release|Any CPU
	EndGlobalSection
	GlobalSection(SolutionProperties) = preSolution
		HideSolutionNode = FALSE
	EndGlobalSection
	GlobalSection(NestedProjects) = preSolution
		{34153D03-9150-4452-8D69-4F1C029B0913} = {A6E11FEE-EB1A-4A1A-8052-EF134F9CEC5B}
		{9FC93F0F-2F40-49A4-A7EA-234FF9C18600} = {A6E11FEE-EB1A-4A1A-8052-EF134F9CEC5B}
		{EA6AAFE9-AC3C-4F1A-B220-C3C1A32D0711} = {A6E11FEE-EB1A-4A1A-8052-EF134F9CEC5B}
		{C7DE5365-9428-475A-AE48-89EEB3A9414B} = {A6E11FEE-EB1A-4A1A-8052-EF134F9CEC5B}
		{4E06B09B-5108-4594-9FE7-6FD7EB9F193F} = {EA6AAFE9-AC3C-4F1A-B220-C3C1A32D0711}
		{26827981-E9BC-4058-9C96-DB1F884A23B8} = {34153D03-9150-4452-8D69-4F1C029B0913}
		{C07E49BC-2ED8-450E-8713-122C8B5D4EF6} = {34153D03-9150-4452-8D69-4F1C029B0913}
		{C4083BFF-49BC-4CBE-902E-90741C2D8097} = {9FC93F0F-2F40-49A4-A7EA-234FF9C18600}
		{07F90282-1E54-4455-AD8A-40403C527642} = {9FC93F0F-2F40-49A4-A7EA-234FF9C18600}
		{DE2A9098-E91A-4E44-BA6A-D8A789B69065} = {C7DE5365-9428-475A-AE48-89EEB3A9414B}
		{A1B285BC-0B3B-4885-8B79-99401EDD1207} = {EA6AAFE9-AC3C-4F1A-B220-C3C1A32D0711}
	EndGlobalSection
	GlobalSection(ExtensibilityGlobals) = postSolution
		SolutionGuid = {148AD2E6-999D-4EC8-B6D7-24496F7485E9}
	EndGlobalSection
EndGlobal
